
Microsoft Visual Studio Solution File, Format Version 12.00
# Visual Studio Version 16
VisualStudioVersion = 16.0.29102.190
MinimumVisualStudioVersion = 10.0.40219.1
Project("{FAE04EC0-301F-11D3-BF4B-00C04F79EFBC}") = "Exodus.Common.Controls", "Exodus.Common.Controls\Exodus.Common.Controls.csproj", "{D4DAA362-C7C7-4202-A4AB-563081AC0498}"
EndProject
Project("{9A19103F-16F7-4668-BE54-9A1E7A4F7556}") = "Exodus.Common.Data", "Exodus.Common.Data\Exodus.Common.Data.csproj", "{AA678908-40D2-4EA5-A68C-3F72FEADFD90}"
EndProject
Project("{FAE04EC0-301F-11D3-BF4B-00C04F79EFBC}") = "Exodus.DesktopClient", "Exodus.DesktopClient\Exodus.DesktopClient.csproj", "{D4BDDF28-B78E-4E6E-82B8-173457E97332}"
EndProject
Project("{FAE04EC0-301F-11D3-BF4B-00C04F79EFBC}") = "Exodus.DesktopClient.Common", "Exodus.DesktopClient.Common\Exodus.DesktopClient.Common.csproj", "{1E62C5E4-9F5F-421F-8980-6E95C3A80D2B}"
EndProject
Project("{FAE04EC0-301F-11D3-BF4B-00C04F79EFBC}") = "Exodus.DesktopClient.Controls", "Exodus.DesktopClient.Controls\Exodus.DesktopClient.Controls.csproj", "{EFBEFFF6-772A-4E74-8C10-10D85934BE10}"
EndProject
Project("{FAE04EC0-301F-11D3-BF4B-00C04F79EFBC}") = "Exodus.DesktopClient.Data", "Exodus.DesktopClient.Data\Exodus.DesktopClient.Data.csproj", "{706D28CE-A142-4909-9A6F-B681D70E595E}"
EndProject
Project("{FAE04EC0-301F-11D3-BF4B-00C04F79EFBC}") = "Exodus.DesktopClient.Engine", "Exodus.DesktopClient.Engine\Exodus.DesktopClient.Engine.csproj", "{8B1D4D5B-A836-4B14-A0F7-DC07ECDC1AFB}"
EndProject
Project("{FAE04EC0-301F-11D3-BF4B-00C04F79EFBC}") = "Exodus.WebServer", "Exodus.WebServer\Exodus.WebServer.csproj", "{5E8E951F-0777-4F64-B30E-FEAF5AEC73D4}"
EndProject
Project("{FAE04EC0-301F-11D3-BF4B-00C04F79EFBC}") = "Exodus.MobileClient.Android", "Exodus.MobileClient\Exodus.MobileClient.Android\Exodus.MobileClient.Android.csproj", "{4B985ADD-0F06-4159-B3BE-00C6BC3A5FCE}"
EndProject
Project("{FAE04EC0-301F-11D3-BF4B-00C04F79EFBC}") = "Exodus.MobileClient.iOS", "Exodus.MobileClient\Exodus.MobileClient.iOS\Exodus.MobileClient.iOS.csproj", "{7697B8DD-26AF-450F-A53E-9D4A11208D51}"
EndProject
Project("{9A19103F-16F7-4668-BE54-9A1E7A4F7556}") = "Exodus.MobileClient", "Exodus.MobileClient\Exodus.MobileClient\Exodus.MobileClient.csproj", "{743C6331-FBF5-432D-8171-B6230159A023}"
EndProject
Global
	GlobalSection(SolutionConfigurationPlatforms) = preSolution
		Ad-Hoc|Any CPU = Ad-Hoc|Any CPU
		Ad-Hoc|iPhone = Ad-Hoc|iPhone
		Ad-Hoc|iPhoneSimulator = Ad-Hoc|iPhoneSimulator
		AppStore|Any CPU = AppStore|Any CPU
		AppStore|iPhone = AppStore|iPhone
		AppStore|iPhoneSimulator = AppStore|iPhoneSimulator
		Debug|Any CPU = Debug|Any CPU
		Debug|iPhone = Debug|iPhone
		Debug|iPhoneSimulator = Debug|iPhoneSimulator
		Release|Any CPU = Release|Any CPU
		Release|iPhone = Release|iPhone
		Release|iPhoneSimulator = Release|iPhoneSimulator
	EndGlobalSection
	GlobalSection(ProjectConfigurationPlatforms) = postSolution
		{D4DAA362-C7C7-4202-A4AB-563081AC0498}.Ad-Hoc|Any CPU.ActiveCfg = Release|Any CPU
		{D4DAA362-C7C7-4202-A4AB-563081AC0498}.Ad-Hoc|Any CPU.Build.0 = Release|Any CPU
		{D4DAA362-C7C7-4202-A4AB-563081AC0498}.Ad-Hoc|iPhone.ActiveCfg = Release|Any CPU
		{D4DAA362-C7C7-4202-A4AB-563081AC0498}.Ad-Hoc|iPhone.Build.0 = Release|Any CPU
		{D4DAA362-C7C7-4202-A4AB-563081AC0498}.Ad-Hoc|iPhoneSimulator.ActiveCfg = Release|Any CPU
		{D4DAA362-C7C7-4202-A4AB-563081AC0498}.Ad-Hoc|iPhoneSimulator.Build.0 = Release|Any CPU
		{D4DAA362-C7C7-4202-A4AB-563081AC0498}.AppStore|Any CPU.ActiveCfg = Release|Any CPU
		{D4DAA362-C7C7-4202-A4AB-563081AC0498}.AppStore|Any CPU.Build.0 = Release|Any CPU
		{D4DAA362-C7C7-4202-A4AB-563081AC0498}.AppStore|iPhone.ActiveCfg = Release|Any CPU
		{D4DAA362-C7C7-4202-A4AB-563081AC0498}.AppStore|iPhone.Build.0 = Release|Any CPU
		{D4DAA362-C7C7-4202-A4AB-563081AC0498}.AppStore|iPhoneSimulator.ActiveCfg = Release|Any CPU
		{D4DAA362-C7C7-4202-A4AB-563081AC0498}.AppStore|iPhoneSimulator.Build.0 = Release|Any CPU
		{D4DAA362-C7C7-4202-A4AB-563081AC0498}.Debug|Any CPU.ActiveCfg = Debug|Any CPU
		{D4DAA362-C7C7-4202-A4AB-563081AC0498}.Debug|Any CPU.Build.0 = Debug|Any CPU
		{D4DAA362-C7C7-4202-A4AB-563081AC0498}.Debug|iPhone.ActiveCfg = Debug|Any CPU
		{D4DAA362-C7C7-4202-A4AB-563081AC0498}.Debug|iPhone.Build.0 = Debug|Any CPU
		{D4DAA362-C7C7-4202-A4AB-563081AC0498}.Debug|iPhoneSimulator.ActiveCfg = Debug|Any CPU
		{D4DAA362-C7C7-4202-A4AB-563081AC0498}.Debug|iPhoneSimulator.Build.0 = Debug|Any CPU
		{D4DAA362-C7C7-4202-A4AB-563081AC0498}.Release|Any CPU.ActiveCfg = Release|Any CPU
		{D4DAA362-C7C7-4202-A4AB-563081AC0498}.Release|Any CPU.Build.0 = Release|Any CPU
		{D4DAA362-C7C7-4202-A4AB-563081AC0498}.Release|iPhone.ActiveCfg = Release|Any CPU
		{D4DAA362-C7C7-4202-A4AB-563081AC0498}.Release|iPhone.Build.0 = Release|Any CPU
		{D4DAA362-C7C7-4202-A4AB-563081AC0498}.Release|iPhoneSimulator.ActiveCfg = Release|Any CPU
		{D4DAA362-C7C7-4202-A4AB-563081AC0498}.Release|iPhoneSimulator.Build.0 = Release|Any CPU
		{AA678908-40D2-4EA5-A68C-3F72FEADFD90}.Ad-Hoc|Any CPU.ActiveCfg = Release|Any CPU
		{AA678908-40D2-4EA5-A68C-3F72FEADFD90}.Ad-Hoc|Any CPU.Build.0 = Release|Any CPU
		{AA678908-40D2-4EA5-A68C-3F72FEADFD90}.Ad-Hoc|iPhone.ActiveCfg = Release|Any CPU
		{AA678908-40D2-4EA5-A68C-3F72FEADFD90}.Ad-Hoc|iPhone.Build.0 = Release|Any CPU
		{AA678908-40D2-4EA5-A68C-3F72FEADFD90}.Ad-Hoc|iPhoneSimulator.ActiveCfg = Release|Any CPU
		{AA678908-40D2-4EA5-A68C-3F72FEADFD90}.Ad-Hoc|iPhoneSimulator.Build.0 = Release|Any CPU
		{AA678908-40D2-4EA5-A68C-3F72FEADFD90}.AppStore|Any CPU.ActiveCfg = Release|Any CPU
		{AA678908-40D2-4EA5-A68C-3F72FEADFD90}.AppStore|Any CPU.Build.0 = Release|Any CPU
		{AA678908-40D2-4EA5-A68C-3F72FEADFD90}.AppStore|iPhone.ActiveCfg = Release|Any CPU
		{AA678908-40D2-4EA5-A68C-3F72FEADFD90}.AppStore|iPhone.Build.0 = Release|Any CPU
		{AA678908-40D2-4EA5-A68C-3F72FEADFD90}.AppStore|iPhoneSimulator.ActiveCfg = Release|Any CPU
		{AA678908-40D2-4EA5-A68C-3F72FEADFD90}.AppStore|iPhoneSimulator.Build.0 = Release|Any CPU
		{AA678908-40D2-4EA5-A68C-3F72FEADFD90}.Debug|Any CPU.ActiveCfg = Debug|Any CPU
		{AA678908-40D2-4EA5-A68C-3F72FEADFD90}.Debug|Any CPU.Build.0 = Debug|Any CPU
		{AA678908-40D2-4EA5-A68C-3F72FEADFD90}.Debug|iPhone.ActiveCfg = Debug|Any CPU
		{AA678908-40D2-4EA5-A68C-3F72FEADFD90}.Debug|iPhone.Build.0 = Debug|Any CPU
		{AA678908-40D2-4EA5-A68C-3F72FEADFD90}.Debug|iPhoneSimulator.ActiveCfg = Debug|Any CPU
		{AA678908-40D2-4EA5-A68C-3F72FEADFD90}.Debug|iPhoneSimulator.Build.0 = Debug|Any CPU
		{AA678908-40D2-4EA5-A68C-3F72FEADFD90}.Release|Any CPU.ActiveCfg = Release|Any CPU
		{AA678908-40D2-4EA5-A68C-3F72FEADFD90}.Release|Any CPU.Build.0 = Release|Any CPU
		{AA678908-40D2-4EA5-A68C-3F72FEADFD90}.Release|iPhone.ActiveCfg = Release|Any CPU
		{AA678908-40D2-4EA5-A68C-3F72FEADFD90}.Release|iPhone.Build.0 = Release|Any CPU
		{AA678908-40D2-4EA5-A68C-3F72FEADFD90}.Release|iPhoneSimulator.ActiveCfg = Release|Any CPU
		{AA678908-40D2-4EA5-A68C-3F72FEADFD90}.Release|iPhoneSimulator.Build.0 = Release|Any CPU
		{D4BDDF28-B78E-4E6E-82B8-173457E97332}.Ad-Hoc|Any CPU.ActiveCfg = Release|Any CPU
		{D4BDDF28-B78E-4E6E-82B8-173457E97332}.Ad-Hoc|Any CPU.Build.0 = Release|Any CPU
		{D4BDDF28-B78E-4E6E-82B8-173457E97332}.Ad-Hoc|iPhone.ActiveCfg = Release|Any CPU
		{D4BDDF28-B78E-4E6E-82B8-173457E97332}.Ad-Hoc|iPhone.Build.0 = Release|Any CPU
		{D4BDDF28-B78E-4E6E-82B8-173457E97332}.Ad-Hoc|iPhoneSimulator.ActiveCfg = Release|Any CPU
		{D4BDDF28-B78E-4E6E-82B8-173457E97332}.Ad-Hoc|iPhoneSimulator.Build.0 = Release|Any CPU
		{D4BDDF28-B78E-4E6E-82B8-173457E97332}.AppStore|Any CPU.ActiveCfg = Release|Any CPU
		{D4BDDF28-B78E-4E6E-82B8-173457E97332}.AppStore|Any CPU.Build.0 = Release|Any CPU
		{D4BDDF28-B78E-4E6E-82B8-173457E97332}.AppStore|iPhone.ActiveCfg = Release|Any CPU
		{D4BDDF28-B78E-4E6E-82B8-173457E97332}.AppStore|iPhone.Build.0 = Release|Any CPU
		{D4BDDF28-B78E-4E6E-82B8-173457E97332}.AppStore|iPhoneSimulator.ActiveCfg = Release|Any CPU
		{D4BDDF28-B78E-4E6E-82B8-173457E97332}.AppStore|iPhoneSimulator.Build.0 = Release|Any CPU
		{D4BDDF28-B78E-4E6E-82B8-173457E97332}.Debug|Any CPU.ActiveCfg = Debug|Any CPU
		{D4BDDF28-B78E-4E6E-82B8-173457E97332}.Debug|Any CPU.Build.0 = Debug|Any CPU
		{D4BDDF28-B78E-4E6E-82B8-173457E97332}.Debug|iPhone.ActiveCfg = Debug|Any CPU
		{D4BDDF28-B78E-4E6E-82B8-173457E97332}.Debug|iPhone.Build.0 = Debug|Any CPU
		{D4BDDF28-B78E-4E6E-82B8-173457E97332}.Debug|iPhoneSimulator.ActiveCfg = Debug|Any CPU
		{D4BDDF28-B78E-4E6E-82B8-173457E97332}.Debug|iPhoneSimulator.Build.0 = Debug|Any CPU
		{D4BDDF28-B78E-4E6E-82B8-173457E97332}.Release|Any CPU.ActiveCfg = Release|Any CPU
		{D4BDDF28-B78E-4E6E-82B8-173457E97332}.Release|Any CPU.Build.0 = Release|Any CPU
		{D4BDDF28-B78E-4E6E-82B8-173457E97332}.Release|iPhone.ActiveCfg = Release|Any CPU
		{D4BDDF28-B78E-4E6E-82B8-173457E97332}.Release|iPhone.Build.0 = Release|Any CPU
		{D4BDDF28-B78E-4E6E-82B8-173457E97332}.Release|iPhoneSimulator.ActiveCfg = Release|Any CPU
		{D4BDDF28-B78E-4E6E-82B8-173457E97332}.Release|iPhoneSimulator.Build.0 = Release|Any CPU
		{1E62C5E4-9F5F-421F-8980-6E95C3A80D2B}.Ad-Hoc|Any CPU.ActiveCfg = Release|Any CPU
		{1E62C5E4-9F5F-421F-8980-6E95C3A80D2B}.Ad-Hoc|Any CPU.Build.0 = Release|Any CPU
		{1E62C5E4-9F5F-421F-8980-6E95C3A80D2B}.Ad-Hoc|iPhone.ActiveCfg = Release|Any CPU
		{1E62C5E4-9F5F-421F-8980-6E95C3A80D2B}.Ad-Hoc|iPhone.Build.0 = Release|Any CPU
		{1E62C5E4-9F5F-421F-8980-6E95C3A80D2B}.Ad-Hoc|iPhoneSimulator.ActiveCfg = Release|Any CPU
		{1E62C5E4-9F5F-421F-8980-6E95C3A80D2B}.Ad-Hoc|iPhoneSimulator.Build.0 = Release|Any CPU
		{1E62C5E4-9F5F-421F-8980-6E95C3A80D2B}.AppStore|Any CPU.ActiveCfg = Release|Any CPU
		{1E62C5E4-9F5F-421F-8980-6E95C3A80D2B}.AppStore|Any CPU.Build.0 = Release|Any CPU
		{1E62C5E4-9F5F-421F-8980-6E95C3A80D2B}.AppStore|iPhone.ActiveCfg = Release|Any CPU
		{1E62C5E4-9F5F-421F-8980-6E95C3A80D2B}.AppStore|iPhone.Build.0 = Release|Any CPU
		{1E62C5E4-9F5F-421F-8980-6E95C3A80D2B}.AppStore|iPhoneSimulator.ActiveCfg = Release|Any CPU
		{1E62C5E4-9F5F-421F-8980-6E95C3A80D2B}.AppStore|iPhoneSimulator.Build.0 = Release|Any CPU
		{1E62C5E4-9F5F-421F-8980-6E95C3A80D2B}.Debug|Any CPU.ActiveCfg = Debug|Any CPU
		{1E62C5E4-9F5F-421F-8980-6E95C3A80D2B}.Debug|Any CPU.Build.0 = Debug|Any CPU
		{1E62C5E4-9F5F-421F-8980-6E95C3A80D2B}.Debug|iPhone.ActiveCfg = Debug|Any CPU
		{1E62C5E4-9F5F-421F-8980-6E95C3A80D2B}.Debug|iPhone.Build.0 = Debug|Any CPU
		{1E62C5E4-9F5F-421F-8980-6E95C3A80D2B}.Debug|iPhoneSimulator.ActiveCfg = Debug|Any CPU
		{1E62C5E4-9F5F-421F-8980-6E95C3A80D2B}.Debug|iPhoneSimulator.Build.0 = Debug|Any CPU
		{1E62C5E4-9F5F-421F-8980-6E95C3A80D2B}.Release|Any CPU.ActiveCfg = Release|Any CPU
		{1E62C5E4-9F5F-421F-8980-6E95C3A80D2B}.Release|Any CPU.Build.0 = Release|Any CPU
		{1E62C5E4-9F5F-421F-8980-6E95C3A80D2B}.Release|iPhone.ActiveCfg = Release|Any CPU
		{1E62C5E4-9F5F-421F-8980-6E95C3A80D2B}.Release|iPhone.Build.0 = Release|Any CPU
		{1E62C5E4-9F5F-421F-8980-6E95C3A80D2B}.Release|iPhoneSimulator.ActiveCfg = Release|Any CPU
		{1E62C5E4-9F5F-421F-8980-6E95C3A80D2B}.Release|iPhoneSimulator.Build.0 = Release|Any CPU
		{EFBEFFF6-772A-4E74-8C10-10D85934BE10}.Ad-Hoc|Any CPU.ActiveCfg = Release|Any CPU
		{EFBEFFF6-772A-4E74-8C10-10D85934BE10}.Ad-Hoc|Any CPU.Build.0 = Release|Any CPU
		{EFBEFFF6-772A-4E74-8C10-10D85934BE10}.Ad-Hoc|iPhone.ActiveCfg = Release|Any CPU
		{EFBEFFF6-772A-4E74-8C10-10D85934BE10}.Ad-Hoc|iPhone.Build.0 = Release|Any CPU
		{EFBEFFF6-772A-4E74-8C10-10D85934BE10}.Ad-Hoc|iPhoneSimulator.ActiveCfg = Release|Any CPU
		{EFBEFFF6-772A-4E74-8C10-10D85934BE10}.Ad-Hoc|iPhoneSimulator.Build.0 = Release|Any CPU
		{EFBEFFF6-772A-4E74-8C10-10D85934BE10}.AppStore|Any CPU.ActiveCfg = Release|Any CPU
		{EFBEFFF6-772A-4E74-8C10-10D85934BE10}.AppStore|Any CPU.Build.0 = Release|Any CPU
		{EFBEFFF6-772A-4E74-8C10-10D85934BE10}.AppStore|iPhone.ActiveCfg = Release|Any CPU
		{EFBEFFF6-772A-4E74-8C10-10D85934BE10}.AppStore|iPhone.Build.0 = Release|Any CPU
		{EFBEFFF6-772A-4E74-8C10-10D85934BE10}.AppStore|iPhoneSimulator.ActiveCfg = Release|Any CPU
		{EFBEFFF6-772A-4E74-8C10-10D85934BE10}.AppStore|iPhoneSimulator.Build.0 = Release|Any CPU
		{EFBEFFF6-772A-4E74-8C10-10D85934BE10}.Debug|Any CPU.ActiveCfg = Debug|Any CPU
		{EFBEFFF6-772A-4E74-8C10-10D85934BE10}.Debug|Any CPU.Build.0 = Debug|Any CPU
		{EFBEFFF6-772A-4E74-8C10-10D85934BE10}.Debug|iPhone.ActiveCfg = Debug|Any CPU
		{EFBEFFF6-772A-4E74-8C10-10D85934BE10}.Debug|iPhone.Build.0 = Debug|Any CPU
		{EFBEFFF6-772A-4E74-8C10-10D85934BE10}.Debug|iPhoneSimulator.ActiveCfg = Debug|Any CPU
		{EFBEFFF6-772A-4E74-8C10-10D85934BE10}.Debug|iPhoneSimulator.Build.0 = Debug|Any CPU
		{EFBEFFF6-772A-4E74-8C10-10D85934BE10}.Release|Any CPU.ActiveCfg = Release|Any CPU
		{EFBEFFF6-772A-4E74-8C10-10D85934BE10}.Release|Any CPU.Build.0 = Release|Any CPU
		{EFBEFFF6-772A-4E74-8C10-10D85934BE10}.Release|iPhone.ActiveCfg = Release|Any CPU
		{EFBEFFF6-772A-4E74-8C10-10D85934BE10}.Release|iPhone.Build.0 = Release|Any CPU
		{EFBEFFF6-772A-4E74-8C10-10D85934BE10}.Release|iPhoneSimulator.ActiveCfg = Release|Any CPU
		{EFBEFFF6-772A-4E74-8C10-10D85934BE10}.Release|iPhoneSimulator.Build.0 = Release|Any CPU
		{706D28CE-A142-4909-9A6F-B681D70E595E}.Ad-Hoc|Any CPU.ActiveCfg = Release|Any CPU
		{706D28CE-A142-4909-9A6F-B681D70E595E}.Ad-Hoc|Any CPU.Build.0 = Release|Any CPU
		{706D28CE-A142-4909-9A6F-B681D70E595E}.Ad-Hoc|iPhone.ActiveCfg = Release|Any CPU
		{706D28CE-A142-4909-9A6F-B681D70E595E}.Ad-Hoc|iPhone.Build.0 = Release|Any CPU
		{706D28CE-A142-4909-9A6F-B681D70E595E}.Ad-Hoc|iPhoneSimulator.ActiveCfg = Release|Any CPU
		{706D28CE-A142-4909-9A6F-B681D70E595E}.Ad-Hoc|iPhoneSimulator.Build.0 = Release|Any CPU
		{706D28CE-A142-4909-9A6F-B681D70E595E}.AppStore|Any CPU.ActiveCfg = Release|Any CPU
		{706D28CE-A142-4909-9A6F-B681D70E595E}.AppStore|Any CPU.Build.0 = Release|Any CPU
		{706D28CE-A142-4909-9A6F-B681D70E595E}.AppStore|iPhone.ActiveCfg = Release|Any CPU
		{706D28CE-A142-4909-9A6F-B681D70E595E}.AppStore|iPhone.Build.0 = Release|Any CPU
		{706D28CE-A142-4909-9A6F-B681D70E595E}.AppStore|iPhoneSimulator.ActiveCfg = Release|Any CPU
		{706D28CE-A142-4909-9A6F-B681D70E595E}.AppStore|iPhoneSimulator.Build.0 = Release|Any CPU
		{706D28CE-A142-4909-9A6F-B681D70E595E}.Debug|Any CPU.ActiveCfg = Debug|Any CPU
		{706D28CE-A142-4909-9A6F-B681D70E595E}.Debug|Any CPU.Build.0 = Debug|Any CPU
		{706D28CE-A142-4909-9A6F-B681D70E595E}.Debug|iPhone.ActiveCfg = Debug|Any CPU
		{706D28CE-A142-4909-9A6F-B681D70E595E}.Debug|iPhone.Build.0 = Debug|Any CPU
		{706D28CE-A142-4909-9A6F-B681D70E595E}.Debug|iPhoneSimulator.ActiveCfg = Debug|Any CPU
		{706D28CE-A142-4909-9A6F-B681D70E595E}.Debug|iPhoneSimulator.Build.0 = Debug|Any CPU
		{706D28CE-A142-4909-9A6F-B681D70E595E}.Release|Any CPU.ActiveCfg = Release|Any CPU
		{706D28CE-A142-4909-9A6F-B681D70E595E}.Release|Any CPU.Build.0 = Release|Any CPU
		{706D28CE-A142-4909-9A6F-B681D70E595E}.Release|iPhone.ActiveCfg = Release|Any CPU
		{706D28CE-A142-4909-9A6F-B681D70E595E}.Release|iPhone.Build.0 = Release|Any CPU
		{706D28CE-A142-4909-9A6F-B681D70E595E}.Release|iPhoneSimulator.ActiveCfg = Release|Any CPU
		{706D28CE-A142-4909-9A6F-B681D70E595E}.Release|iPhoneSimulator.Build.0 = Release|Any CPU
		{8B1D4D5B-A836-4B14-A0F7-DC07ECDC1AFB}.Ad-Hoc|Any CPU.ActiveCfg = Release|Any CPU
		{8B1D4D5B-A836-4B14-A0F7-DC07ECDC1AFB}.Ad-Hoc|Any CPU.Build.0 = Release|Any CPU
		{8B1D4D5B-A836-4B14-A0F7-DC07ECDC1AFB}.Ad-Hoc|iPhone.ActiveCfg = Release|Any CPU
		{8B1D4D5B-A836-4B14-A0F7-DC07ECDC1AFB}.Ad-Hoc|iPhone.Build.0 = Release|Any CPU
		{8B1D4D5B-A836-4B14-A0F7-DC07ECDC1AFB}.Ad-Hoc|iPhoneSimulator.ActiveCfg = Release|Any CPU
		{8B1D4D5B-A836-4B14-A0F7-DC07ECDC1AFB}.Ad-Hoc|iPhoneSimulator.Build.0 = Release|Any CPU
		{8B1D4D5B-A836-4B14-A0F7-DC07ECDC1AFB}.AppStore|Any CPU.ActiveCfg = Release|Any CPU
		{8B1D4D5B-A836-4B14-A0F7-DC07ECDC1AFB}.AppStore|Any CPU.Build.0 = Release|Any CPU
		{8B1D4D5B-A836-4B14-A0F7-DC07ECDC1AFB}.AppStore|iPhone.ActiveCfg = Release|Any CPU
		{8B1D4D5B-A836-4B14-A0F7-DC07ECDC1AFB}.AppStore|iPhone.Build.0 = Release|Any CPU
		{8B1D4D5B-A836-4B14-A0F7-DC07ECDC1AFB}.AppStore|iPhoneSimulator.ActiveCfg = Release|Any CPU
		{8B1D4D5B-A836-4B14-A0F7-DC07ECDC1AFB}.AppStore|iPhoneSimulator.Build.0 = Release|Any CPU
		{8B1D4D5B-A836-4B14-A0F7-DC07ECDC1AFB}.Debug|Any CPU.ActiveCfg = Debug|Any CPU
		{8B1D4D5B-A836-4B14-A0F7-DC07ECDC1AFB}.Debug|Any CPU.Build.0 = Debug|Any CPU
		{8B1D4D5B-A836-4B14-A0F7-DC07ECDC1AFB}.Debug|iPhone.ActiveCfg = Debug|Any CPU
		{8B1D4D5B-A836-4B14-A0F7-DC07ECDC1AFB}.Debug|iPhone.Build.0 = Debug|Any CPU
		{8B1D4D5B-A836-4B14-A0F7-DC07ECDC1AFB}.Debug|iPhoneSimulator.ActiveCfg = Debug|Any CPU
		{8B1D4D5B-A836-4B14-A0F7-DC07ECDC1AFB}.Debug|iPhoneSimulator.Build.0 = Debug|Any CPU
		{8B1D4D5B-A836-4B14-A0F7-DC07ECDC1AFB}.Release|Any CPU.ActiveCfg = Release|Any CPU
		{8B1D4D5B-A836-4B14-A0F7-DC07ECDC1AFB}.Release|Any CPU.Build.0 = Release|Any CPU
		{8B1D4D5B-A836-4B14-A0F7-DC07ECDC1AFB}.Release|iPhone.ActiveCfg = Release|Any CPU
		{8B1D4D5B-A836-4B14-A0F7-DC07ECDC1AFB}.Release|iPhone.Build.0 = Release|Any CPU
		{8B1D4D5B-A836-4B14-A0F7-DC07ECDC1AFB}.Release|iPhoneSimulator.ActiveCfg = Release|Any CPU
		{8B1D4D5B-A836-4B14-A0F7-DC07ECDC1AFB}.Release|iPhoneSimulator.Build.0 = Release|Any CPU
		{5E8E951F-0777-4F64-B30E-FEAF5AEC73D4}.Ad-Hoc|Any CPU.ActiveCfg = Release|Any CPU
		{5E8E951F-0777-4F64-B30E-FEAF5AEC73D4}.Ad-Hoc|Any CPU.Build.0 = Release|Any CPU
		{5E8E951F-0777-4F64-B30E-FEAF5AEC73D4}.Ad-Hoc|iPhone.ActiveCfg = Release|Any CPU
		{5E8E951F-0777-4F64-B30E-FEAF5AEC73D4}.Ad-Hoc|iPhone.Build.0 = Release|Any CPU
		{5E8E951F-0777-4F64-B30E-FEAF5AEC73D4}.Ad-Hoc|iPhoneSimulator.ActiveCfg = Release|Any CPU
		{5E8E951F-0777-4F64-B30E-FEAF5AEC73D4}.Ad-Hoc|iPhoneSimulator.Build.0 = Release|Any CPU
		{5E8E951F-0777-4F64-B30E-FEAF5AEC73D4}.AppStore|Any CPU.ActiveCfg = Release|Any CPU
		{5E8E951F-0777-4F64-B30E-FEAF5AEC73D4}.AppStore|Any CPU.Build.0 = Release|Any CPU
		{5E8E951F-0777-4F64-B30E-FEAF5AEC73D4}.AppStore|iPhone.ActiveCfg = Release|Any CPU
		{5E8E951F-0777-4F64-B30E-FEAF5AEC73D4}.AppStore|iPhone.Build.0 = Release|Any CPU
		{5E8E951F-0777-4F64-B30E-FEAF5AEC73D4}.AppStore|iPhoneSimulator.ActiveCfg = Release|Any CPU
		{5E8E951F-0777-4F64-B30E-FEAF5AEC73D4}.AppStore|iPhoneSimulator.Build.0 = Release|Any CPU
		{5E8E951F-0777-4F64-B30E-FEAF5AEC73D4}.Debug|Any CPU.ActiveCfg = Debug|Any CPU
		{5E8E951F-0777-4F64-B30E-FEAF5AEC73D4}.Debug|Any CPU.Build.0 = Debug|Any CPU
		{5E8E951F-0777-4F64-B30E-FEAF5AEC73D4}.Debug|iPhone.ActiveCfg = Debug|Any CPU
		{5E8E951F-0777-4F64-B30E-FEAF5AEC73D4}.Debug|iPhone.Build.0 = Debug|Any CPU
		{5E8E951F-0777-4F64-B30E-FEAF5AEC73D4}.Debug|iPhoneSimulator.ActiveCfg = Debug|Any CPU
		{5E8E951F-0777-4F64-B30E-FEAF5AEC73D4}.Debug|iPhoneSimulator.Build.0 = Debug|Any CPU
		{5E8E951F-0777-4F64-B30E-FEAF5AEC73D4}.Release|Any CPU.ActiveCfg = Release|Any CPU
		{5E8E951F-0777-4F64-B30E-FEAF5AEC73D4}.Release|Any CPU.Build.0 = Release|Any CPU
		{5E8E951F-0777-4F64-B30E-FEAF5AEC73D4}.Release|iPhone.ActiveCfg = Release|Any CPU
		{5E8E951F-0777-4F64-B30E-FEAF5AEC73D4}.Release|iPhone.Build.0 = Release|Any CPU
		{5E8E951F-0777-4F64-B30E-FEAF5AEC73D4}.Release|iPhoneSimulator.ActiveCfg = Release|Any CPU
		{5E8E951F-0777-4F64-B30E-FEAF5AEC73D4}.Release|iPhoneSimulator.Build.0 = Release|Any CPU
		{4B985ADD-0F06-4159-B3BE-00C6BC3A5FCE}.Ad-Hoc|Any CPU.ActiveCfg = Release|Any CPU
		{4B985ADD-0F06-4159-B3BE-00C6BC3A5FCE}.Ad-Hoc|Any CPU.Build.0 = Release|Any CPU
		{4B985ADD-0F06-4159-B3BE-00C6BC3A5FCE}.Ad-Hoc|Any CPU.Deploy.0 = Release|Any CPU
		{4B985ADD-0F06-4159-B3BE-00C6BC3A5FCE}.Ad-Hoc|iPhone.ActiveCfg = Release|Any CPU
		{4B985ADD-0F06-4159-B3BE-00C6BC3A5FCE}.Ad-Hoc|iPhone.Build.0 = Release|Any CPU
		{4B985ADD-0F06-4159-B3BE-00C6BC3A5FCE}.Ad-Hoc|iPhone.Deploy.0 = Release|Any CPU
		{4B985ADD-0F06-4159-B3BE-00C6BC3A5FCE}.Ad-Hoc|iPhoneSimulator.ActiveCfg = Release|Any CPU
		{4B985ADD-0F06-4159-B3BE-00C6BC3A5FCE}.Ad-Hoc|iPhoneSimulator.Build.0 = Release|Any CPU
		{4B985ADD-0F06-4159-B3BE-00C6BC3A5FCE}.Ad-Hoc|iPhoneSimulator.Deploy.0 = Release|Any CPU
		{4B985ADD-0F06-4159-B3BE-00C6BC3A5FCE}.AppStore|Any CPU.ActiveCfg = Release|Any CPU
		{4B985ADD-0F06-4159-B3BE-00C6BC3A5FCE}.AppStore|Any CPU.Build.0 = Release|Any CPU
		{4B985ADD-0F06-4159-B3BE-00C6BC3A5FCE}.AppStore|Any CPU.Deploy.0 = Release|Any CPU
		{4B985ADD-0F06-4159-B3BE-00C6BC3A5FCE}.AppStore|iPhone.ActiveCfg = Release|Any CPU
		{4B985ADD-0F06-4159-B3BE-00C6BC3A5FCE}.AppStore|iPhone.Build.0 = Release|Any CPU
		{4B985ADD-0F06-4159-B3BE-00C6BC3A5FCE}.AppStore|iPhone.Deploy.0 = Release|Any CPU
		{4B985ADD-0F06-4159-B3BE-00C6BC3A5FCE}.AppStore|iPhoneSimulator.ActiveCfg = Release|Any CPU
		{4B985ADD-0F06-4159-B3BE-00C6BC3A5FCE}.AppStore|iPhoneSimulator.Build.0 = Release|Any CPU
		{4B985ADD-0F06-4159-B3BE-00C6BC3A5FCE}.AppStore|iPhoneSimulator.Deploy.0 = Release|Any CPU
		{4B985ADD-0F06-4159-B3BE-00C6BC3A5FCE}.Debug|Any CPU.ActiveCfg = Debug|Any CPU
		{4B985ADD-0F06-4159-B3BE-00C6BC3A5FCE}.Debug|Any CPU.Build.0 = Debug|Any CPU
		{4B985ADD-0F06-4159-B3BE-00C6BC3A5FCE}.Debug|Any CPU.Deploy.0 = Debug|Any CPU
		{4B985ADD-0F06-4159-B3BE-00C6BC3A5FCE}.Debug|iPhone.ActiveCfg = Debug|Any CPU
		{4B985ADD-0F06-4159-B3BE-00C6BC3A5FCE}.Debug|iPhone.Build.0 = Debug|Any CPU
		{4B985ADD-0F06-4159-B3BE-00C6BC3A5FCE}.Debug|iPhone.Deploy.0 = Debug|Any CPU
		{4B985ADD-0F06-4159-B3BE-00C6BC3A5FCE}.Debug|iPhoneSimulator.ActiveCfg = Debug|Any CPU
		{4B985ADD-0F06-4159-B3BE-00C6BC3A5FCE}.Debug|iPhoneSimulator.Build.0 = Debug|Any CPU
		{4B985ADD-0F06-4159-B3BE-00C6BC3A5FCE}.Debug|iPhoneSimulator.Deploy.0 = Debug|Any CPU
		{4B985ADD-0F06-4159-B3BE-00C6BC3A5FCE}.Release|Any CPU.ActiveCfg = Release|Any CPU
		{4B985ADD-0F06-4159-B3BE-00C6BC3A5FCE}.Release|Any CPU.Build.0 = Release|Any CPU
		{4B985ADD-0F06-4159-B3BE-00C6BC3A5FCE}.Release|Any CPU.Deploy.0 = Release|Any CPU
		{4B985ADD-0F06-4159-B3BE-00C6BC3A5FCE}.Release|iPhone.ActiveCfg = Release|Any CPU
		{4B985ADD-0F06-4159-B3BE-00C6BC3A5FCE}.Release|iPhone.Build.0 = Release|Any CPU
		{4B985ADD-0F06-4159-B3BE-00C6BC3A5FCE}.Release|iPhone.Deploy.0 = Release|Any CPU
		{4B985ADD-0F06-4159-B3BE-00C6BC3A5FCE}.Release|iPhoneSimulator.ActiveCfg = Release|Any CPU
		{4B985ADD-0F06-4159-B3BE-00C6BC3A5FCE}.Release|iPhoneSimulator.Build.0 = Release|Any CPU
		{4B985ADD-0F06-4159-B3BE-00C6BC3A5FCE}.Release|iPhoneSimulator.Deploy.0 = Release|Any CPU
		{7697B8DD-26AF-450F-A53E-9D4A11208D51}.Ad-Hoc|Any CPU.ActiveCfg = Ad-Hoc|iPhone
		{7697B8DD-26AF-450F-A53E-9D4A11208D51}.Ad-Hoc|iPhone.ActiveCfg = Ad-Hoc|iPhone
		{7697B8DD-26AF-450F-A53E-9D4A11208D51}.Ad-Hoc|iPhone.Build.0 = Ad-Hoc|iPhone
		{7697B8DD-26AF-450F-A53E-9D4A11208D51}.Ad-Hoc|iPhoneSimulator.ActiveCfg = Ad-Hoc|iPhoneSimulator
		{7697B8DD-26AF-450F-A53E-9D4A11208D51}.Ad-Hoc|iPhoneSimulator.Build.0 = Ad-Hoc|iPhoneSimulator
		{7697B8DD-26AF-450F-A53E-9D4A11208D51}.AppStore|Any CPU.ActiveCfg = AppStore|iPhone
		{7697B8DD-26AF-450F-A53E-9D4A11208D51}.AppStore|iPhone.ActiveCfg = AppStore|iPhone
		{7697B8DD-26AF-450F-A53E-9D4A11208D51}.AppStore|iPhone.Build.0 = AppStore|iPhone
		{7697B8DD-26AF-450F-A53E-9D4A11208D51}.AppStore|iPhoneSimulator.ActiveCfg = AppStore|iPhoneSimulator
		{7697B8DD-26AF-450F-A53E-9D4A11208D51}.AppStore|iPhoneSimulator.Build.0 = AppStore|iPhoneSimulator
		{7697B8DD-26AF-450F-A53E-9D4A11208D51}.Debug|Any CPU.ActiveCfg = Debug|iPhone
		{7697B8DD-26AF-450F-A53E-9D4A11208D51}.Debug|iPhone.ActiveCfg = Debug|iPhone
		{7697B8DD-26AF-450F-A53E-9D4A11208D51}.Debug|iPhone.Build.0 = Debug|iPhone
		{7697B8DD-26AF-450F-A53E-9D4A11208D51}.Debug|iPhoneSimulator.ActiveCfg = Debug|iPhoneSimulator
		{7697B8DD-26AF-450F-A53E-9D4A11208D51}.Debug|iPhoneSimulator.Build.0 = Debug|iPhoneSimulator
		{7697B8DD-26AF-450F-A53E-9D4A11208D51}.Release|Any CPU.ActiveCfg = Release|iPhone
		{7697B8DD-26AF-450F-A53E-9D4A11208D51}.Release|iPhone.ActiveCfg = Release|iPhone
		{7697B8DD-26AF-450F-A53E-9D4A11208D51}.Release|iPhone.Build.0 = Release|iPhone
		{7697B8DD-26AF-450F-A53E-9D4A11208D51}.Release|iPhoneSimulator.ActiveCfg = Release|iPhoneSimulator
		{7697B8DD-26AF-450F-A53E-9D4A11208D51}.Release|iPhoneSimulator.Build.0 = Release|iPhoneSimulator
		{743C6331-FBF5-432D-8171-B6230159A023}.Ad-Hoc|Any CPU.ActiveCfg = Debug|Any CPU
		{743C6331-FBF5-432D-8171-B6230159A023}.Ad-Hoc|Any CPU.Build.0 = Debug|Any CPU
		{743C6331-FBF5-432D-8171-B6230159A023}.Ad-Hoc|iPhone.ActiveCfg = Debug|Any CPU
		{743C6331-FBF5-432D-8171-B6230159A023}.Ad-Hoc|iPhone.Build.0 = Debug|Any CPU
		{743C6331-FBF5-432D-8171-B6230159A023}.Ad-Hoc|iPhoneSimulator.ActiveCfg = Debug|Any CPU
		{743C6331-FBF5-432D-8171-B6230159A023}.Ad-Hoc|iPhoneSimulator.Build.0 = Debug|Any CPU
		{743C6331-FBF5-432D-8171-B6230159A023}.AppStore|Any CPU.ActiveCfg = Debug|Any CPU
		{743C6331-FBF5-432D-8171-B6230159A023}.AppStore|Any CPU.Build.0 = Debug|Any CPU
		{743C6331-FBF5-432D-8171-B6230159A023}.AppStore|iPhone.ActiveCfg = Debug|Any CPU
		{743C6331-FBF5-432D-8171-B6230159A023}.AppStore|iPhone.Build.0 = Debug|Any CPU
		{743C6331-FBF5-432D-8171-B6230159A023}.AppStore|iPhoneSimulator.ActiveCfg = Debug|Any CPU
		{743C6331-FBF5-432D-8171-B6230159A023}.AppStore|iPhoneSimulator.Build.0 = Debug|Any CPU
		{743C6331-FBF5-432D-8171-B6230159A023}.Debug|Any CPU.ActiveCfg = Debug|Any CPU
		{743C6331-FBF5-432D-8171-B6230159A023}.Debug|Any CPU.Build.0 = Debug|Any CPU
		{743C6331-FBF5-432D-8171-B6230159A023}.Debug|iPhone.ActiveCfg = Debug|Any CPU
		{743C6331-FBF5-432D-8171-B6230159A023}.Debug|iPhone.Build.0 = Debug|Any CPU
		{743C6331-FBF5-432D-8171-B6230159A023}.Debug|iPhoneSimulator.ActiveCfg = Debug|Any CPU
		{743C6331-FBF5-432D-8171-B6230159A023}.Debug|iPhoneSimulator.Build.0 = Debug|Any CPU
		{743C6331-FBF5-432D-8171-B6230159A023}.Release|Any CPU.ActiveCfg = Release|Any CPU
		{743C6331-FBF5-432D-8171-B6230159A023}.Release|Any CPU.Build.0 = Release|Any CPU
		{743C6331-FBF5-432D-8171-B6230159A023}.Release|iPhone.ActiveCfg = Release|Any CPU
		{743C6331-FBF5-432D-8171-B6230159A023}.Release|iPhone.Build.0 = Release|Any CPU
		{743C6331-FBF5-432D-8171-B6230159A023}.Release|iPhoneSimulator.ActiveCfg = Release|Any CPU
		{743C6331-FBF5-432D-8171-B6230159A023}.Release|iPhoneSimulator.Build.0 = Release|Any CPU
	EndGlobalSection
	GlobalSection(SolutionProperties) = preSolution
		HideSolutionNode = FALSE
	EndGlobalSection
	GlobalSection(ExtensibilityGlobals) = postSolution
		SolutionGuid = {F2CCE01B-3D36-428A-90DB-92D978596F8E}
	EndGlobalSection
EndGlobal
